github.com/nunocoracao/blowfish/v2 v2.35.1 h1:c6r/UcQJ1biByWq2XVyvKoFBPgMrO/qCtk/Y9Utsyj4=
github.com/nunocoracao/blowfish/v2 v2.35.1/go.mod h1:4SkMc+Ht8gpQCwArqiHMBDP3soxi2OWuAhVney+cuyk=
github.com/nunocoracao/blowfish/v2 v2.36.1 h1:+ngXDeTbcXoihT3t3QOATgUUfBYEjLyfSxpFCEiUc6o=
github.com/nunocoracao/blowfish/v2 v2.36.1/go.mod h1:4SkMc+Ht8gpQCwArqiHMBDP3soxi2OWuAhVney+cuyk=
github.com/nunocoracao/blowfish/v2 v2.73.0 h1:Y7Hpl6RcsEWQm7TrvMzY6H9+x3PpmsK61aJu9Oapw70=
github.com/nunocoracao/blowfish/v2 v2.73.0/go.mod h1:4SkMc+Ht8gpQCwArqiHMBDP3soxi2OWuAhVney+cuyk=
